
Microsoft Visual Studio Solution File, Format Version 12.00
# Visual Studio Version 17
VisualStudioVersion = 17.3.32929.385
MinimumVisualStudioVersion = 10.0.40219.1
Project("{8BC9CEB8-8B4A-11D0-8D11-00A0C91BC942}") = "Lab2. HELLO2", "Lab2. HELLO2\Lab2. HELLO2.vcxproj", "{DECEA709-4E94-45B0-AA33-91BB779BEFEC}"
EndProject
Global
	GlobalSection(SolutionConfigurationPlatforms) = preSolution
		Debug|x64 = Debug|x64
		Debug|x86 = Debug|x86
		Release|x64 = Release|x64
		Release|x86 = Release|x86
	EndGlobalSection
	GlobalSection(ProjectConfigurationPlatforms) = postSolution
		{DECEA709-4E94-45B0-AA33-91BB779BEFEC}.Debug|x64.ActiveCfg = Debug|x64
		{DECEA709-4E94-45B0-AA33-91BB779BEFEC}.Debug|x64.Build.0 = Debug|x64
		{DECEA709-4E94-45B0-AA33-91BB779BEFEC}.Debug|x86.ActiveCfg = Debug|Win32
		{DECEA709-4E94-45B0-AA33-91BB779BEFEC}.Debug|x86.Build.0 = Debug|Win32
		{DECEA709-4E94-45B0-AA33-91BB779BEFEC}.Release|x64.ActiveCfg = Release|x64
		{DECEA709-4E94-45B0-AA33-91BB779BEFEC}.Release|x64.Build.0 = Release|x64
		{DECEA709-4E94-45B0-AA33-91BB779BEFEC}.Release|x86.ActiveCfg = Release|Win32
		{DECEA709-4E94-45B0-AA33-91BB779BEFEC}.Release|x86.Build.0 = Release|Win32
	EndGlobalSection
	GlobalSection(SolutionProperties) = preSolution
		HideSolutionNode = FALSE
	EndGlobalSection
	GlobalSection(ExtensibilityGlobals) = postSolution
		SolutionGuid = {69E788BF-8C7A-4F87-B8B4-4F175D3BBDC6}
	EndGlobalSection
EndGlobal
